
Microsoft Visual Studio Solution File, Format Version 12.00
# Visual Studio 15
VisualStudioVersion = 15.0.26430.13
MinimumVisualStudioVersion = 10.0.40219.1
Project("{FAE04EC0-301F-11D3-BF4B-00C04F79EFBC}") = "FontChoices", "FontChoices\FontChoices.csproj", "{247A25BF-3DAE-416E-8ADC-D2C2F40D4DA4}"
EndProject
Project("{FAE04EC0-301F-11D3-BF4B-00C04F79EFBC}") = "FontChoicesDemo", "FontChoicesDemo\FontChoicesDemo.csproj", "{E792E010-AA78-403F-BDF9-993244AF129B}"
EndProject
Project("{2150E333-8FDC-42A3-9474-1A3956D46DE8}") = "Solution Items", "Solution Items", "{C55A6D39-8DCC-4BA2-8D7C-5B28ECDB2549}"
	ProjectSection(SolutionItems) = preProject
		AppImage.png = AppImage.png
		README.md = README.md
	EndProjectSection
EndProject
Global
	GlobalSection(SolutionConfigurationPlatforms) = preSolution
		Debug|Any CPU = Debug|Any CPU
		Release|Any CPU = Release|Any CPU
	EndGlobalSection
	GlobalSection(ProjectConfigurationPlatforms) = postSolution
		{247A25BF-3DAE-416E-8ADC-D2C2F40D4DA4}.Debug|Any CPU.ActiveCfg = Debug|Any CPU
		{247A25BF-3DAE-416E-8ADC-D2C2F40D4DA4}.Debug|Any CPU.Build.0 = Debug|Any CPU
		{247A25BF-3DAE-416E-8ADC-D2C2F40D4DA4}.Release|Any CPU.ActiveCfg = Release|Any CPU
		{247A25BF-3DAE-416E-8ADC-D2C2F40D4DA4}.Release|Any CPU.Build.0 = Release|Any CPU
		{E792E010-AA78-403F-BDF9-993244AF129B}.Debug|Any CPU.ActiveCfg = Debug|Any CPU
		{E792E010-AA78-403F-BDF9-993244AF129B}.Debug|Any CPU.Build.0 = Debug|Any CPU
		{E792E010-AA78-403F-BDF9-993244AF129B}.Release|Any CPU.ActiveCfg = Release|Any CPU
		{E792E010-AA78-403F-BDF9-993244AF129B}.Release|Any CPU.Build.0 = Release|Any CPU
	EndGlobalSection
	GlobalSection(SolutionProperties) = preSolution
		HideSolutionNode = FALSE
	EndGlobalSection
EndGlobal
